{
  "name": "vue-i18n-webpack-loader",
  "version": "0.0.1",
  "lockfileVersion": 2,
  "requires": true,
  "packages": {
    "": {
      "name": "vue-i18n-webpack-loader",
      "version": "0.0.1",
      "license": "ISC",
      "devDependencies": {
        "loader-utils": "^3.2.1"
      }
    },
    "node_modules/loader-utils": {
      "version": "3.2.1",
      "resolved": "https://registry.npmjs.org/loader-utils/-/loader-utils-3.2.1.tgz",
      "integrity": "sha512-ZvFw1KWS3GVyYBYb7qkmRM/WwL2TQQBxgCK62rlvm4WpVQ23Nb4tYjApUlfjrEGvOs7KHEsmyUn75OHZrJMWPw==",
      "dev": true,
      "engines": {
        "node": ">= 12.13.0"
      }
    }
  },
  "dependencies": {
    "loader-utils": {
      "version": "3.2.1",
      "resolved": "https://registry.npmjs.org/loader-utils/-/loader-utils-3.2.1.tgz",
      "integrity": "sha512-ZvFw1KWS3GVyYBYb7qkmRM/WwL2TQQBxgCK62rlvm4WpVQ23Nb4tYjApUlfjrEGvOs7KHEsmyUn75OHZrJMWPw==",
      "dev": true
    }
  }
}
